
Microsoft Visual Studio Solution File, Format Version 12.00
# Visual Studio 15
VisualStudioVersion = 15.0.27004.2009
MinimumVisualStudioVersion = 10.0.40219.1
Project("{FAE04EC0-301F-11D3-BF4B-00C04F79EFBC}") = "XameteoTest", "MeoRemote\XameteoTest.csproj", "{0BF061F4-7DE4-42A5-B26A-9EE14DA429F2}"
EndProject
Global
	GlobalSection(SolutionConfigurationPlatforms) = preSolution
		Debug|Any CPU = Debug|Any CPU
		Release|Any CPU = Release|Any CPU
	EndGlobalSection
	GlobalSection(ProjectConfigurationPlatforms) = postSolution
		{0BF061F4-7DE4-42A5-B26A-9EE14DA429F2}.Debug|Any CPU.ActiveCfg = Debug|Any CPU
		{0BF061F4-7DE4-42A5-B26A-9EE14DA429F2}.Debug|Any CPU.Build.0 = Debug|Any CPU
		{0BF061F4-7DE4-42A5-B26A-9EE14DA429F2}.Release|Any CPU.ActiveCfg = Release|Any CPU
		{0BF061F4-7DE4-42A5-B26A-9EE14DA429F2}.Release|Any CPU.Build.0 = Release|Any CPU
	EndGlobalSection
	GlobalSection(SolutionProperties) = preSolution
		HideSolutionNode = FALSE
	EndGlobalSection
	GlobalSection(ExtensibilityGlobals) = postSolution
		SolutionGuid = {2A28CC61-B54C-40C3-A321-967A599F7968}
	EndGlobalSection
EndGlobal
